<?xml version="1.0" encoding="utf-8"?>
<Project ToolsVersion="4.0" xmlns="http://schemas.microsoft.com/developer/msbuild/2003">
  <ItemGroup>
    <Filter Include="Source Files">
      <UniqueIdentifier>{4FC737F1-C7A5-4376-A066-2A32D752A2FF}</UniqueIdentifier>
      <Extensions>cpp;c;cxx;cc;s;asm</Extensions>
    </Filter>
    <Filter Include="Header Files">
      <UniqueIdentifier>{93995380-89BD-4b04-88EB-625FBE52EBFB}</UniqueIdentifier>
      <Extensions>h;hpp;pssli</Extensions>
    </Filter>
    <Filter Include="Source Files\Network">
      <UniqueIdentifier>{69046b3f-8cd7-47f8-9276-b45b3cc24853}</UniqueIdentifier>
    </Filter>
    <Filter Include="Header Files\Network">
      <UniqueIdentifier>{f7bd8fd9-3146-4624-a9ac-5328c0b7637a}</UniqueIdentifier>
    </Filter>
    <Filter Include="Source Files\Logging">
      <UniqueIdentifier>{b8223870-1714-4a7a-a1f4-bb6a7f608f9a}</UniqueIdentifier>
    </Filter>
    <Filter Include="Header Files\Logging">
      <UniqueIdentifier>{aa1cdeb3-ad41-40e9-87bf-784d3df68414}</UniqueIdentifier>
    </Filter>
    <Filter Include="Source Files\Misc">
      <UniqueIdentifier>{88ba226e-505c-4449-aa3e-45e59744191d}</UniqueIdentifier>
    </Filter>
    <Filter Include="Header Files\Misc">
      <UniqueIdentifier>{ca048e78-2396-4f7e-99fd-fe4d335538c4}</UniqueIdentifier>
    </Filter>
    <Filter Include="Header Files\Debugging">
      <UniqueIdentifier>{e2186756-94fe-4820-90da-2aaf1a03edd3}</UniqueIdentifier>
    </Filter>
    <Filter Include="Source Files\Debugging">
      <UniqueIdentifier>{9337acb8-327f-4ae7-9625-d99fa61d7faa}</UniqueIdentifier>
    </Filter>
  </ItemGroup>
  <ItemGroup>
    <ClInclude Include="stdafx.h">
      <Filter>Header Files</Filter>
    </ClInclude>
    <ClInclude Include="SocketListener.h">
      <Filter>Header Files\Network</Filter>
    </ClInclude>
    <ClInclude Include="Sockets.h">
      <Filter>Header Files\Network</Filter>
    </ClInclude>
    <ClInclude Include="Logger.h">
      <Filter>Header Files\Logging</Filter>
    </ClInclude>
    <ClInclude Include="Logging.h">
      <Filter>Header Files\Logging</Filter>
    </ClInclude>
    <ClInclude Include="StringExt.h">
      <Filter>Header Files\Misc</Filter>
    </ClInclude>
    <ClInclude Include="ThreadPool.h">
      <Filter>Header Files\Misc</Filter>
    </ClInclude>
    <ClInclude Include="Process.h">
      <Filter>Header Files\Debugging</Filter>
    </ClInclude>
    <ClInclude Include="FileSystem.h">
      <Filter>Header Files\Misc</Filter>
    </ClInclude>
    <ClInclude Include="FileUtils.h">
      <Filter>Header Files\Misc</Filter>
    </ClInclude>
    <ClInclude Include="Syscall.h">
      <Filter>Header Files\Misc</Filter>
    </ClInclude>
    <ClInclude Include="PTraceDefs.h">
      <Filter>Header Files\Debugging</Filter>
    </ClInclude>
    <ClInclude Include="SignalDefs.h">
      <Filter>Header Files\Debugging</Filter>
    </ClInclude>
    <ClInclude Include="Notify.h">
      <Filter>Header Files\Misc</Filter>
    </ClInclude>
  </ItemGroup>
  <ItemGroup>
    <ClCompile Include="stdafx.cpp">
      <Filter>Source Files</Filter>
    </ClCompile>
    <ClCompile Include="SocketListener.cpp">
      <Filter>Source Files\Network</Filter>
    </ClCompile>
    <ClCompile Include="Sockets.cpp">
      <Filter>Source Files\Network</Filter>
    </ClCompile>
    <ClCompile Include="Logger.cpp">
      <Filter>Source Files\Logging</Filter>
    </ClCompile>
    <ClCompile Include="Logging.cpp">
      <Filter>Source Files\Logging</Filter>
    </ClCompile>
    <ClCompile Include="StringExt.cpp">
      <Filter>Source Files\Misc</Filter>
    </ClCompile>
    <ClCompile Include="ThreadPool.cpp">
      <Filter>Source Files\Misc</Filter>
    </ClCompile>
    <ClCompile Include="Process.cpp">
      <Filter>Source Files\Debugging</Filter>
    </ClCompile>
    <ClCompile Include="FileSystem.cpp">
      <Filter>Source Files\Misc</Filter>
    </ClCompile>
    <ClCompile Include="FileUtils.cpp">
      <Filter>Source Files\Misc</Filter>
    </ClCompile>
    <ClCompile Include="Notify.cpp">
      <Filter>Source Files\Misc</Filter>
    </ClCompile>
  </ItemGroup>
  <ItemGroup>
    <None Include="README.md" />
  </ItemGroup>
</Project>